
Microsoft Visual Studio Solution File, Format Version 12.00
# Visual Studio Version 16
VisualStudioVersion = 16.0.33529.622
MinimumVisualStudioVersion = 10.0.40219.1
Project("{FAE04EC0-301F-11D3-BF4B-00C04F79EFBC}") = "MaxiKiosco", "MaxiKiosco\MaxiKiosco.csproj", "{E1D1E08B-5756-49C6-BA8A-FB498D374333}"
EndProject
Project("{FAE04EC0-301F-11D3-BF4B-00C04F79EFBC}") = "CapaDominio", "CapaDominio\CapaDominio.csproj", "{C3F861CE-6B39-425D-93A5-D62806FC3428}"
EndProject
Project("{FAE04EC0-301F-11D3-BF4B-00C04F79EFBC}") = "CapaNegocio", "CapaNegocio\CapaNegocio.csproj", "{63217C32-F0C5-4602-B7A4-7EAD0C07F0B5}"
EndProject
Global
	GlobalSection(SolutionConfigurationPlatforms) = preSolution
		Debug|Any CPU = Debug|Any CPU
		Release|Any CPU = Release|Any CPU
	EndGlobalSection
	GlobalSection(ProjectConfigurationPlatforms) = postSolution
		{E1D1E08B-5756-49C6-BA8A-FB498D374333}.Debug|Any CPU.ActiveCfg = Debug|Any CPU
		{E1D1E08B-5756-49C6-BA8A-FB498D374333}.Debug|Any CPU.Build.0 = Debug|Any CPU
		{E1D1E08B-5756-49C6-BA8A-FB498D374333}.Release|Any CPU.ActiveCfg = Release|Any CPU
		{E1D1E08B-5756-49C6-BA8A-FB498D374333}.Release|Any CPU.Build.0 = Release|Any CPU
		{C3F861CE-6B39-425D-93A5-D62806FC3428}.Debug|Any CPU.ActiveCfg = Debug|Any CPU
		{C3F861CE-6B39-425D-93A5-D62806FC3428}.Debug|Any CPU.Build.0 = Debug|Any CPU
		{C3F861CE-6B39-425D-93A5-D62806FC3428}.Release|Any CPU.ActiveCfg = Release|Any CPU
		{C3F861CE-6B39-425D-93A5-D62806FC3428}.Release|Any CPU.Build.0 = Release|Any CPU
		{63217C32-F0C5-4602-B7A4-7EAD0C07F0B5}.Debug|Any CPU.ActiveCfg = Debug|Any CPU
		{63217C32-F0C5-4602-B7A4-7EAD0C07F0B5}.Debug|Any CPU.Build.0 = Debug|Any CPU
		{63217C32-F0C5-4602-B7A4-7EAD0C07F0B5}.Release|Any CPU.ActiveCfg = Release|Any CPU
		{63217C32-F0C5-4602-B7A4-7EAD0C07F0B5}.Release|Any CPU.Build.0 = Release|Any CPU
	EndGlobalSection
	GlobalSection(SolutionProperties) = preSolution
		HideSolutionNode = FALSE
	EndGlobalSection
	GlobalSection(ExtensibilityGlobals) = postSolution
		SolutionGuid = {131BC028-0195-41F0-B5BA-C62E0F7E10C7}
	EndGlobalSection
EndGlobal
